
Microsoft Visual Studio Solution File, Format Version 12.00
# Visual Studio Version 16
VisualStudioVersion = 16.0.29905.134
MinimumVisualStudioVersion = 10.0.40219.1
Project("{888888A0-9F3D-457C-B088-3A5042F75D52}") = "350Lab2", "350Lab2.pyproj", "{5A7B89D1-2E35-4C5C-8317-FD7DF428A42D}"
EndProject
Global
	GlobalSection(SolutionConfigurationPlatforms) = preSolution
		Debug|Any CPU = Debug|Any CPU
		Release|Any CPU = Release|Any CPU
	EndGlobalSection
	GlobalSection(ProjectConfigurationPlatforms) = postSolution
		{5A7B89D1-2E35-4C5C-8317-FD7DF428A42D}.Debug|Any CPU.ActiveCfg = Debug|Any CPU
		{5A7B89D1-2E35-4C5C-8317-FD7DF428A42D}.Release|Any CPU.ActiveCfg = Release|Any CPU
	EndGlobalSection
	GlobalSection(SolutionProperties) = preSolution
		HideSolutionNode = FALSE
	EndGlobalSection
	GlobalSection(ExtensibilityGlobals) = postSolution
		SolutionGuid = {DBFBFDC6-FD37-4AA5-9D39-2687C1F8E970}
	EndGlobalSection
EndGlobal
