
Microsoft Visual Studio Solution File, Format Version 12.00
# Visual Studio Version 16
VisualStudioVersion = 16.0.29905.134
MinimumVisualStudioVersion = 10.0.40219.1
Project("{888888A0-9F3D-457C-B088-3A5042F75D52}") = "350Lab3_1", "350Lab3_1.pyproj", "{6C0BC132-970C-4E9F-85BF-5E92EF365505}"
EndProject
Global
	GlobalSection(SolutionConfigurationPlatforms) = preSolution
		Debug|Any CPU = Debug|Any CPU
		Release|Any CPU = Release|Any CPU
	EndGlobalSection
	GlobalSection(ProjectConfigurationPlatforms) = postSolution
		{6C0BC132-970C-4E9F-85BF-5E92EF365505}.Debug|Any CPU.ActiveCfg = Debug|Any CPU
		{6C0BC132-970C-4E9F-85BF-5E92EF365505}.Release|Any CPU.ActiveCfg = Release|Any CPU
	EndGlobalSection
	GlobalSection(SolutionProperties) = preSolution
		HideSolutionNode = FALSE
	EndGlobalSection
	GlobalSection(ExtensibilityGlobals) = postSolution
		SolutionGuid = {D8CF9BDD-7E6A-41AF-9D97-0AC8B4DDB990}
	EndGlobalSection
EndGlobal
