
Microsoft Visual Studio Solution File, Format Version 12.00
# Visual Studio Version 16
VisualStudioVersion = 16.0.29905.134
MinimumVisualStudioVersion = 10.0.40219.1
Project("{888888A0-9F3D-457C-B088-3A5042F75D52}") = "350Lab3_2", "350Lab3_2.pyproj", "{F8878660-22A8-4635-83FB-8229C9EE6161}"
EndProject
Global
	GlobalSection(SolutionConfigurationPlatforms) = preSolution
		Debug|Any CPU = Debug|Any CPU
		Release|Any CPU = Release|Any CPU
	EndGlobalSection
	GlobalSection(ProjectConfigurationPlatforms) = postSolution
		{F8878660-22A8-4635-83FB-8229C9EE6161}.Debug|Any CPU.ActiveCfg = Debug|Any CPU
		{F8878660-22A8-4635-83FB-8229C9EE6161}.Release|Any CPU.ActiveCfg = Release|Any CPU
	EndGlobalSection
	GlobalSection(SolutionProperties) = preSolution
		HideSolutionNode = FALSE
	EndGlobalSection
	GlobalSection(ExtensibilityGlobals) = postSolution
		SolutionGuid = {64EC797A-3858-49E1-8335-E492F2949FC5}
	EndGlobalSection
EndGlobal
